{
	"name": "parcel-transformer-surplus",
	"version": "2.0.0",
	"lockfileVersion": 2,
	"requires": true,
	"packages": {
		"": {
			"version": "2.0.0",
			"license": "MIT",
			"dependencies": {
				"@parcel/plugin": "^2.0.0-beta.3.1",
				"deps-regex": "^0.1.4"
			},
			"devDependencies": {
				"@parcel/source-map": "2.0.0-rc.1.0",
				"@parcel/utils": "^2.0.0-beta.3.1",
				"surplus": "^0.5.3"
			},
			"engines": {
				"node": ">= 12.0.0",
				"parcel": "^2.0.0-beta.3.1"
			},
			"peerDependencies": {
				"surplus": "^0.5.3"
			}
		},
		"node_modules/@iarna/toml": {
			"version": "2.2.5",
			"resolved": "https://registry.npmjs.org/@iarna/toml/-/toml-2.2.5.tgz",
			"integrity": "sha512-trnsAYxU3xnS1gPHPyU961coFyLkh4gAD/0zQ5mymY4yOZ+CYvsPqUbOFSw0aDM4y0tV7tiFxL/1XfXPNC6IPg==",
			"dev": true
		},
		"node_modules/@nodelib/fs.scandir": {
			"version": "2.1.4",
			"resolved": "https://registry.npmjs.org/@nodelib/fs.scandir/-/fs.scandir-2.1.4.tgz",
			"integrity": "sha512-33g3pMJk3bg5nXbL/+CY6I2eJDzZAni49PfJnL5fghPTggPvBd/pFNSgJsdAgWptuFu7qq/ERvOYFlhvsLTCKA==",
			"dev": true,
			"dependencies": {
				"@nodelib/fs.stat": "2.0.4",
				"run-parallel": "^1.1.9"
			},
			"engines": {
				"node": ">= 8"
			}
		},
		"node_modules/@nodelib/fs.stat": {
			"version": "2.0.4",
			"resolved": "https://registry.npmjs.org/@nodelib/fs.stat/-/fs.stat-2.0.4.tgz",
			"integrity": "sha512-IYlHJA0clt2+Vg7bccq+TzRdJvv19c2INqBSsoOLp1je7xjtr7J26+WXR72MCdvU9q1qTzIWDfhMf+DRvQJK4Q==",
			"dev": true,
			"engines": {
				"node": ">= 8"
			}
		},
		"node_modules/@nodelib/fs.walk": {
			"version": "1.2.6",
			"resolved": "https://registry.npmjs.org/@nodelib/fs.walk/-/fs.walk-1.2.6.tgz",
			"integrity": "sha512-8Broas6vTtW4GIXTAHDoE32hnN2M5ykgCpWGbuXHQ15vEMqr23pB76e/GZcYsZCHALv50ktd24qhEyKr6wBtow==",
			"dev": true,
			"dependencies": {
				"@nodelib/fs.scandir": "2.1.4",
				"fastq": "^1.6.0"
			},
			"engines": {
				"node": ">= 8"
			}
		},
		"node_modules/@parcel/codeframe": {
			"version": "2.0.0-nightly.690",
			"resolved": "https://registry.npmjs.org/@parcel/codeframe/-/codeframe-2.0.0-nightly.690.tgz",
			"integrity": "sha512-8niCFblETFDuoTYU7I9Iri2bxXPd+m9sj9jePhSRhQExJ8Z25c99e3hzKV77kP7WKzeZKebcbTA5lLXx76lHjg==",
			"dev": true,
			"dependencies": {
				"chalk": "^4.1.0",
				"emphasize": "^4.2.0",
				"slice-ansi": "^4.0.0",
				"string-width": "^4.2.0"
			},
			"engines": {
				"node": ">= 12.0.0"
			},
			"funding": {
				"type": "opencollective",
				"url": "https://opencollective.com/parcel"
			}
		},
		"node_modules/@parcel/diagnostic": {
			"version": "2.0.0-nightly.690",
			"resolved": "https://registry.npmjs.org/@parcel/diagnostic/-/diagnostic-2.0.0-nightly.690.tgz",
			"integrity": "sha512-+QIqD5vhnW+DeKxoXNnEwcVUp+kilgIuOj70sV+avgMtqHx8rqRYFOOOl5gbCvWt9/YFTHvgK/aISYisRKJsKA==",
			"dev": true,
			"dependencies": {
				"json-source-map": "^0.6.1",
				"nullthrows": "^1.1.1"
			},
			"engines": {
				"node": ">= 12.0.0"
			},
			"funding": {
				"type": "opencollective",
				"url": "https://opencollective.com/parcel"
			}
		},
		"node_modules/@parcel/events": {
			"version": "2.0.0-nightly.690",
			"resolved": "https://registry.npmjs.org/@parcel/events/-/events-2.0.0-nightly.690.tgz",
			"integrity": "sha512-8oV17bTG9r4jVDIsf3tzdp8PerREcUvwqTj7aTaE5OJOK5b6+Z4yoQvthF7jGtFSPQQecf7Qs6Pt6WH3qlKr4A==",
			"dev": true,
			"engines": {
				"node": ">= 12.0.0"
			},
			"funding": {
				"type": "opencollective",
				"url": "https://opencollective.com/parcel"
			}
		},
		"node_modules/@parcel/logger": {
			"version": "2.0.0-nightly.690",
			"resolved": "https://registry.npmjs.org/@parcel/logger/-/logger-2.0.0-nightly.690.tgz",
			"integrity": "sha512-c8WkbFqfJXWc5qdgHrgWUjQXwnBY76SiQyVbha7Nk5qEiNVEtBCZm+R+0OyHGs3rGJompn9agpdhF9W2JZ36Ig==",
			"dev": true,
			"dependencies": {
				"@parcel/diagnostic": "2.0.0-nightly.690+8c0721e5",
				"@parcel/events": "2.0.0-nightly.690+8c0721e5"
			},
			"engines": {
				"node": ">= 12.0.0"
			},
			"funding": {
				"type": "opencollective",
				"url": "https://opencollective.com/parcel"
			}
		},
		"node_modules/@parcel/markdown-ansi": {
			"version": "2.0.0-nightly.690",
			"resolved": "https://registry.npmjs.org/@parcel/markdown-ansi/-/markdown-ansi-2.0.0-nightly.690.tgz",
			"integrity": "sha512-S0NnL/8s4ghsvKY49A5ru0w2+ov5zm4Ou9A5x6MYHjKtGJRvf7FS2/vLuGsE3U6ovHRhqr/kpcoEiY9xFBlnMA==",
			"dev": true,
			"dependencies": {
				"chalk": "^4.1.0"
			},
			"engines": {
				"node": ">= 12.0.0"
			},
			"funding": {
				"type": "opencollective",
				"url": "https://opencollective.com/parcel"
			}
		},
		"node_modules/@parcel/plugin": {
			"version": "2.0.0-nightly.690",
			"resolved": "https://registry.npmjs.org/@parcel/plugin/-/plugin-2.0.0-nightly.690.tgz",
			"integrity": "sha512-wc1P6Qc+z7vup4vS08h5i7ej3VzdFsV7I2tEy4gdh/leKglxLrUu2LjQkodgxRIl6wWZNwzSrS5xDiVr7ImCBw==",
			"dependencies": {
				"@parcel/types": "2.0.0-nightly.690+8c0721e5"
			},
			"engines": {
				"node": ">= 12.0.0"
			},
			"funding": {
				"type": "opencollective",
				"url": "https://opencollective.com/parcel"
			}
		},
		"node_modules/@parcel/source-map": {
			"version": "2.0.0-rc.1.0",
			"resolved": "https://registry.npmjs.org/@parcel/source-map/-/source-map-2.0.0-rc.1.0.tgz",
			"integrity": "sha512-X+1Eef2eVLqGbUSBjP6n2tNnqQv0HyLu6j324hPSqqA8JeHk3X1M5V6FzUe9W2RbCF1Y49VvlXRfC6BqMrZyEw==",
			"dev": true,
			"dependencies": {
				"detect-libc": "^1.0.3",
				"globby": "^11.0.3"
			},
			"engines": {
				"node": "^12.18.3 || >=14"
			}
		},
		"node_modules/@parcel/types": {
			"version": "2.0.0-nightly.690",
			"resolved": "https://registry.npmjs.org/@parcel/types/-/types-2.0.0-nightly.690.tgz",
			"integrity": "sha512-vhAOiJYP2q2qXjbWyRGJVH7N5i5HWc/deez/3S1hzq0CZfKK2/WVNDdI3jAV08YHkH+5xd0YsIIFpmn51qYlWw=="
		},
		"node_modules/@parcel/utils": {
			"version": "2.0.0-nightly.690",
			"resolved": "https://registry.npmjs.org/@parcel/utils/-/utils-2.0.0-nightly.690.tgz",
			"integrity": "sha512-8356U+ZlHQgL9haSxbbv7OVijW4xtVDkeUYr7F8fz8zLE9dAR7QJzONHiiVfdixskhSVeZEUzR569rk8o93CCw==",
			"dev": true,
			"dependencies": {
				"@iarna/toml": "^2.2.0",
				"@parcel/codeframe": "2.0.0-nightly.690+8c0721e5",
				"@parcel/diagnostic": "2.0.0-nightly.690+8c0721e5",
				"@parcel/logger": "2.0.0-nightly.690+8c0721e5",
				"@parcel/markdown-ansi": "2.0.0-nightly.690+8c0721e5",
				"@parcel/source-map": "2.0.0-rc.1.0",
				"ansi-html": "^0.0.7",
				"chalk": "^4.1.0",
				"clone": "^2.1.1",
				"fast-glob": "3.1.1",
				"fastest-levenshtein": "^1.0.8",
				"is-glob": "^4.0.0",
				"is-url": "^1.2.2",
				"json5": "^1.0.1",
				"lru-cache": "^6.0.0",
				"micromatch": "^4.0.2",
				"node-forge": "^0.10.0",
				"nullthrows": "^1.1.1",
				"open": "^7.0.3"
			},
			"engines": {
				"node": ">= 12.0.0"
			},
			"funding": {
				"type": "opencollective",
				"url": "https://opencollective.com/parcel"
			}
		},
		"node_modules/ansi-html": {
			"version": "0.0.7",
			"resolved": "https://registry.npmjs.org/ansi-html/-/ansi-html-0.0.7.tgz",
			"integrity": "sha1-gTWEAhliqenm/QOflA0S9WynhZ4=",
			"dev": true,
			"engines": [
				"node >= 0.8.0"
			],
			"bin": {
				"ansi-html": "bin/ansi-html"
			}
		},
		"node_modules/ansi-regex": {
			"version": "5.0.0",
			"resolved": "https://registry.npmjs.org/ansi-regex/-/ansi-regex-5.0.0.tgz",
			"integrity": "sha512-bY6fj56OUQ0hU1KjFNDQuJFezqKdrAyFdIevADiqrWHwSlbmBNMHp5ak2f40Pm8JTFyM2mqxkG6ngkHO11f/lg==",
			"dev": true,
			"engines": {
				"node": ">=8"
			}
		},
		"node_modules/ansi-styles": {
			"version": "4.3.0",
			"resolved": "https://registry.npmjs.org/ansi-styles/-/ansi-styles-4.3.0.tgz",
			"integrity": "sha512-zbB9rCJAT1rbjiVDb2hqKFHNYLxgtk8NURxZ3IZwD3F6NtxbXZQCnnSi1Lkx+IDohdPlFp222wVALIheZJQSEg==",
			"dev": true,
			"dependencies": {
				"color-convert": "^2.0.1"
			},
			"engines": {
				"node": ">=8"
			},
			"funding": {
				"url": "https://github.com/chalk/ansi-styles?sponsor=1"
			}
		},
		"node_modules/array-union": {
			"version": "2.1.0",
			"resolved": "https://registry.npmjs.org/array-union/-/array-union-2.1.0.tgz",
			"integrity": "sha512-HGyxoOTYUyCM6stUe6EJgnd4EoewAI7zMdfqO+kGjnlZmBDz/cR5pf8r/cR4Wq60sL/p0IkcjUEEPwS3GFrIyw==",
			"dev": true,
			"engines": {
				"node": ">=8"
			}
		},
		"node_modules/astral-regex": {
			"version": "2.0.0",
			"resolved": "https://registry.npmjs.org/astral-regex/-/astral-regex-2.0.0.tgz",
			"integrity": "sha512-Z7tMw1ytTXt5jqMcOP+OQteU1VuNK9Y02uuJtKQ1Sv69jXQKKg5cibLwGJow8yzZP+eAc18EmLGPal0bp36rvQ==",
			"dev": true,
			"engines": {
				"node": ">=8"
			}
		},
		"node_modules/braces": {
			"version": "3.0.2",
			"resolved": "https://registry.npmjs.org/braces/-/braces-3.0.2.tgz",
			"integrity": "sha512-b8um+L1RzM3WDSzvhm6gIz1yfTbBt6YTlcEKAvsmqCZZFw46z626lVj9j1yEPW33H5H+lBQpZMP1k8l+78Ha0A==",
			"dev": true,
			"dependencies": {
				"fill-range": "^7.0.1"
			},
			"engines": {
				"node": ">=8"
			}
		},
		"node_modules/chalk": {
			"version": "4.1.1",
			"resolved": "https://registry.npmjs.org/chalk/-/chalk-4.1.1.tgz",
			"integrity": "sha512-diHzdDKxcU+bAsUboHLPEDQiw0qEe0qd7SYUn3HgcFlWgbDcfLGswOHYeGrHKzG9z6UYf01d9VFMfZxPM1xZSg==",
			"dev": true,
			"dependencies": {
				"ansi-styles": "^4.1.0",
				"supports-color": "^7.1.0"
			},
			"engines": {
				"node": ">=10"
			},
			"funding": {
				"url": "https://github.com/chalk/chalk?sponsor=1"
			}
		},
		"node_modules/clone": {
			"version": "2.1.2",
			"resolved": "https://registry.npmjs.org/clone/-/clone-2.1.2.tgz",
			"integrity": "sha1-G39Ln1kfHo+DZwQBYANFoCiHQ18=",
			"dev": true,
			"engines": {
				"node": ">=0.8"
			}
		},
		"node_modules/color-convert": {
			"version": "2.0.1",
			"resolved": "https://registry.npmjs.org/color-convert/-/color-convert-2.0.1.tgz",
			"integrity": "sha512-RRECPsj7iu/xb5oKYcsFHSppFNnsj/52OVTRKb4zP5onXwVF3zVmmToNcOfGC+CRDpfK/U584fMg38ZHCaElKQ==",
			"dev": true,
			"dependencies": {
				"color-name": "~1.1.4"
			},
			"engines": {
				"node": ">=7.0.0"
			}
		},
		"node_modules/color-name": {
			"version": "1.1.4",
			"resolved": "https://registry.npmjs.org/color-name/-/color-name-1.1.4.tgz",
			"integrity": "sha512-dOy+3AuW3a2wNbZHIuMZpTcgjGuLU/uBL/ubcZF9OXbDo8ff4O8yVp5Bf0efS8uEoYo5q4Fx7dY9OgQGXgAsQA==",
			"dev": true
		},
		"node_modules/deps-regex": {
			"version": "0.1.4",
			"resolved": "https://registry.npmjs.org/deps-regex/-/deps-regex-0.1.4.tgz",
			"integrity": "sha1-UYZnt2kUYKXn4KNBvnbrfOgJAYQ="
		},
		"node_modules/detect-libc": {
			"version": "1.0.3",
			"resolved": "https://registry.npmjs.org/detect-libc/-/detect-libc-1.0.3.tgz",
			"integrity": "sha1-+hN8S9aY7fVc1c0CrFWfkaTEups=",
			"dev": true,
			"bin": {
				"detect-libc": "bin/detect-libc.js"
			},
			"engines": {
				"node": ">=0.10"
			}
		},
		"node_modules/dir-glob": {
			"version": "3.0.1",
			"resolved": "https://registry.npmjs.org/dir-glob/-/dir-glob-3.0.1.tgz",
			"integrity": "sha512-WkrWp9GR4KXfKGYzOLmTuGVi1UWFfws377n9cc55/tb6DuqyF6pcQ5AbiHEshaDpY9v6oaSr2XCDidGmMwdzIA==",
			"dev": true,
			"dependencies": {
				"path-type": "^4.0.0"
			},
			"engines": {
				"node": ">=8"
			}
		},
		"node_modules/emoji-regex": {
			"version": "8.0.0",
			"resolved": "https://registry.npmjs.org/emoji-regex/-/emoji-regex-8.0.0.tgz",
			"integrity": "sha512-MSjYzcWNOA0ewAHpz0MxpYFvwg6yjy1NG3xteoqz644VCo/RPgnr1/GGt+ic3iJTzQ8Eu3TdM14SawnVUmGE6A==",
			"dev": true
		},
		"node_modules/emphasize": {
			"version": "4.2.0",
			"resolved": "https://registry.npmjs.org/emphasize/-/emphasize-4.2.0.tgz",
			"integrity": "sha512-yGKvcFUHlBsUPwlxTlzKLR8+zhpbitkFOMCUxN8fTJng9bdH3WNzUGkhdaGdjndSUgqmMPBN7umfwnUdLz5Axg==",
			"dev": true,
			"dependencies": {
				"chalk": "^4.0.0",
				"highlight.js": "~10.4.0",
				"lowlight": "~1.17.0"
			},
			"funding": {
				"type": "github",
				"url": "https://github.com/sponsors/wooorm"
			}
		},
		"node_modules/fast-glob": {
			"version": "3.1.1",
			"resolved": "https://registry.npmjs.org/fast-glob/-/fast-glob-3.1.1.tgz",
			"integrity": "sha512-nTCREpBY8w8r+boyFYAx21iL6faSsQynliPHM4Uf56SbkyohCNxpVPEH9xrF5TXKy+IsjkPUHDKiUkzBVRXn9g==",
			"dev": true,
			"dependencies": {
				"@nodelib/fs.stat": "^2.0.2",
				"@nodelib/fs.walk": "^1.2.3",
				"glob-parent": "^5.1.0",
				"merge2": "^1.3.0",
				"micromatch": "^4.0.2"
			},
			"engines": {
				"node": ">=8"
			}
		},
		"node_modules/fastest-levenshtein": {
			"version": "1.0.12",
			"resolved": "https://registry.npmjs.org/fastest-levenshtein/-/fastest-levenshtein-1.0.12.tgz",
			"integrity": "sha512-On2N+BpYJ15xIC974QNVuYGMOlEVt4s0EOI3wwMqOmK1fdDY+FN/zltPV8vosq4ad4c/gJ1KHScUn/6AWIgiow==",
			"dev": true
		},
		"node_modules/fastq": {
			"version": "1.11.0",
			"resolved": "https://registry.npmjs.org/fastq/-/fastq-1.11.0.tgz",
			"integrity": "sha512-7Eczs8gIPDrVzT+EksYBcupqMyxSHXXrHOLRRxU2/DicV8789MRBRR8+Hc2uWzUupOs4YS4JzBmBxjjCVBxD/g==",
			"dev": true,
			"dependencies": {
				"reusify": "^1.0.4"
			}
		},
		"node_modules/fault": {
			"version": "1.0.4",
			"resolved": "https://registry.npmjs.org/fault/-/fault-1.0.4.tgz",
			"integrity": "sha512-CJ0HCB5tL5fYTEA7ToAq5+kTwd++Borf1/bifxd9iT70QcXr4MRrO3Llf8Ifs70q+SJcGHFtnIE/Nw6giCtECA==",
			"dev": true,
			"dependencies": {
				"format": "^0.2.0"
			},
			"funding": {
				"type": "github",
				"url": "https://github.com/sponsors/wooorm"
			}
		},
		"node_modules/fill-range": {
			"version": "7.0.1",
			"resolved": "https://registry.npmjs.org/fill-range/-/fill-range-7.0.1.tgz",
			"integrity": "sha512-qOo9F+dMUmC2Lcb4BbVvnKJxTPjCm+RRpe4gDuGrzkL7mEVl/djYSu2OdQ2Pa302N4oqkSg9ir6jaLWJ2USVpQ==",
			"dev": true,
			"dependencies": {
				"to-regex-range": "^5.0.1"
			},
			"engines": {
				"node": ">=8"
			}
		},
		"node_modules/format": {
			"version": "0.2.2",
			"resolved": "https://registry.npmjs.org/format/-/format-0.2.2.tgz",
			"integrity": "sha1-1hcBB+nv3E7TDJ3DkBbflCtctYs=",
			"dev": true,
			"engines": {
				"node": ">=0.4.x"
			}
		},
		"node_modules/glob-parent": {
			"version": "5.1.2",
			"resolved": "https://registry.npmjs.org/glob-parent/-/glob-parent-5.1.2.tgz",
			"integrity": "sha512-AOIgSQCepiJYwP3ARnGx+5VnTu2HBYdzbGP45eLw1vr3zB3vZLeyed1sC9hnbcOc9/SrMyM5RPQrkGz4aS9Zow==",
			"dev": true,
			"dependencies": {
				"is-glob": "^4.0.1"
			},
			"engines": {
				"node": ">= 6"
			}
		},
		"node_modules/globby": {
			"version": "11.0.3",
			"resolved": "https://registry.npmjs.org/globby/-/globby-11.0.3.tgz",
			"integrity": "sha512-ffdmosjA807y7+lA1NM0jELARVmYul/715xiILEjo3hBLPTcirgQNnXECn5g3mtR8TOLCVbkfua1Hpen25/Xcg==",
			"dev": true,
			"dependencies": {
				"array-union": "^2.1.0",
				"dir-glob": "^3.0.1",
				"fast-glob": "^3.1.1",
				"ignore": "^5.1.4",
				"merge2": "^1.3.0",
				"slash": "^3.0.0"
			},
			"engines": {
				"node": ">=10"
			},
			"funding": {
				"url": "https://github.com/sponsors/sindresorhus"
			}
		},
		"node_modules/has-flag": {
			"version": "4.0.0",
			"resolved": "https://registry.npmjs.org/has-flag/-/has-flag-4.0.0.tgz",
			"integrity": "sha512-EykJT/Q1KjTWctppgIAgfSO0tKVuZUjhgMr17kqTumMl6Afv3EISleU7qZUzoXDFTAHTDC4NOoG/ZxU3EvlMPQ==",
			"dev": true,
			"engines": {
				"node": ">=8"
			}
		},
		"node_modules/highlight.js": {
			"version": "10.4.1",
			"resolved": "https://registry.npmjs.org/highlight.js/-/highlight.js-10.4.1.tgz",
			"integrity": "sha512-yR5lWvNz7c85OhVAEAeFhVCc/GV4C30Fjzc/rCP0aCWzc1UUOPUk55dK/qdwTZHBvMZo+eZ2jpk62ndX/xMFlg==",
			"dev": true,
			"engines": {
				"node": "*"
			}
		},
		"node_modules/ignore": {
			"version": "5.1.8",
			"resolved": "https://registry.npmjs.org/ignore/-/ignore-5.1.8.tgz",
			"integrity": "sha512-BMpfD7PpiETpBl/A6S498BaIJ6Y/ABT93ETbby2fP00v4EbvPBXWEoaR1UBPKs3iR53pJY7EtZk5KACI57i1Uw==",
			"dev": true,
			"engines": {
				"node": ">= 4"
			}
		},
		"node_modules/is-docker": {
			"version": "2.2.1",
			"resolved": "https://registry.npmjs.org/is-docker/-/is-docker-2.2.1.tgz",
			"integrity": "sha512-F+i2BKsFrH66iaUFc0woD8sLy8getkwTwtOBjvs56Cx4CgJDeKQeqfz8wAYiSb8JOprWhHH5p77PbmYCvvUuXQ==",
			"dev": true,
			"bin": {
				"is-docker": "cli.js"
			},
			"engines": {
				"node": ">=8"
			},
			"funding": {
				"url": "https://github.com/sponsors/sindresorhus"
			}
		},
		"node_modules/is-extglob": {
			"version": "2.1.1",
			"resolved": "https://registry.npmjs.org/is-extglob/-/is-extglob-2.1.1.tgz",
			"integrity": "sha1-qIwCU1eR8C7TfHahueqXc8gz+MI=",
			"dev": true,
			"engines": {
				"node": ">=0.10.0"
			}
		},
		"node_modules/is-fullwidth-code-point": {
			"version": "3.0.0",
			"resolved": "https://registry.npmjs.org/is-fullwidth-code-point/-/is-fullwidth-code-point-3.0.0.tgz",
			"integrity": "sha512-zymm5+u+sCsSWyD9qNaejV3DFvhCKclKdizYaJUuHA83RLjb7nSuGnddCHGv0hk+KY7BMAlsWeK4Ueg6EV6XQg==",
			"dev": true,
			"engines": {
				"node": ">=8"
			}
		},
		"node_modules/is-glob": {
			"version": "4.0.1",
			"resolved": "https://registry.npmjs.org/is-glob/-/is-glob-4.0.1.tgz",
			"integrity": "sha512-5G0tKtBTFImOqDnLB2hG6Bp2qcKEFduo4tZu9MT/H6NQv/ghhy30o55ufafxJ/LdH79LLs2Kfrn85TLKyA7BUg==",
			"dev": true,
			"dependencies": {
				"is-extglob": "^2.1.1"
			},
			"engines": {
				"node": ">=0.10.0"
			}
		},
		"node_modules/is-number": {
			"version": "7.0.0",
			"resolved": "https://registry.npmjs.org/is-number/-/is-number-7.0.0.tgz",
			"integrity": "sha512-41Cifkg6e8TylSpdtTpeLVMqvSBEVzTttHvERD741+pnZ8ANv0004MRL43QKPDlK9cGvNp6NZWZUBlbGXYxxng==",
			"dev": true,
			"engines": {
				"node": ">=0.12.0"
			}
		},
		"node_modules/is-url": {
			"version": "1.2.4",
			"resolved": "https://registry.npmjs.org/is-url/-/is-url-1.2.4.tgz",
			"integrity": "sha512-ITvGim8FhRiYe4IQ5uHSkj7pVaPDrCTkNd3yq3cV7iZAcJdHTUMPMEHcqSOy9xZ9qFenQCvi+2wjH9a1nXqHww==",
			"dev": true
		},
		"node_modules/is-wsl": {
			"version": "2.2.0",
			"resolved": "https://registry.npmjs.org/is-wsl/-/is-wsl-2.2.0.tgz",
			"integrity": "sha512-fKzAra0rGJUUBwGBgNkHZuToZcn+TtXHpeCgmkMJMMYx1sQDYaCSyjJBSCa2nH1DGm7s3n1oBnohoVTBaN7Lww==",
			"dev": true,
			"dependencies": {
				"is-docker": "^2.0.0"
			},
			"engines": {
				"node": ">=8"
			}
		},
		"node_modules/json-source-map": {
			"version": "0.6.1",
			"resolved": "https://registry.npmjs.org/json-source-map/-/json-source-map-0.6.1.tgz",
			"integrity": "sha512-1QoztHPsMQqhDq0hlXY5ZqcEdUzxQEIxgFkKl4WUp2pgShObl+9ovi4kRh2TfvAfxAoHOJ9vIMEqk3k4iex7tg==",
			"dev": true
		},
		"node_modules/json5": {
			"version": "1.0.1",
			"resolved": "https://registry.npmjs.org/json5/-/json5-1.0.1.tgz",
			"integrity": "sha512-aKS4WQjPenRxiQsC93MNfjx+nbF4PAdYzmd/1JIj8HYzqfbu86beTuNgXDzPknWk0n0uARlyewZo4s++ES36Ow==",
			"dev": true,
			"dependencies": {
				"minimist": "^1.2.0"
			},
			"bin": {
				"json5": "lib/cli.js"
			}
		},
		"node_modules/lowlight": {
			"version": "1.17.0",
			"resolved": "https://registry.npmjs.org/lowlight/-/lowlight-1.17.0.tgz",
			"integrity": "sha512-vmtBgYKD+QVNy7tIa7ulz5d//Il9R4MooOVh4nkOf9R9Cb/Dk5TXMSTieg/vDulkBkIWj59/BIlyFQxT9X1oAQ==",
			"dev": true,
			"dependencies": {
				"fault": "^1.0.0",
				"highlight.js": "~10.4.0"
			},
			"funding": {
				"type": "github",
				"url": "https://github.com/sponsors/wooorm"
			}
		},
		"node_modules/lru-cache": {
			"version": "6.0.0",
			"resolved": "https://registry.npmjs.org/lru-cache/-/lru-cache-6.0.0.tgz",
			"integrity": "sha512-Jo6dJ04CmSjuznwJSS3pUeWmd/H0ffTlkXXgwZi+eq1UCmqQwCh+eLsYOYCwY991i2Fah4h1BEMCx4qThGbsiA==",
			"dev": true,
			"dependencies": {
				"yallist": "^4.0.0"
			},
			"engines": {
				"node": ">=10"
			}
		},
		"node_modules/merge2": {
			"version": "1.4.1",
			"resolved": "https://registry.npmjs.org/merge2/-/merge2-1.4.1.tgz",
			"integrity": "sha512-8q7VEgMJW4J8tcfVPy8g09NcQwZdbwFEqhe/WZkoIzjn/3TGDwtOCYtXGxA3O8tPzpczCCDgv+P2P5y00ZJOOg==",
			"dev": true,
			"engines": {
				"node": ">= 8"
			}
		},
		"node_modules/micromatch": {
			"version": "4.0.4",
			"resolved": "https://registry.npmjs.org/micromatch/-/micromatch-4.0.4.tgz",
			"integrity": "sha512-pRmzw/XUcwXGpD9aI9q/0XOwLNygjETJ8y0ao0wdqprrzDa4YnxLcz7fQRZr8voh8V10kGhABbNcHVk5wHgWwg==",
			"dev": true,
			"dependencies": {
				"braces": "^3.0.1",
				"picomatch": "^2.2.3"
			},
			"engines": {
				"node": ">=8.6"
			}
		},
		"node_modules/minimist": {
			"version": "1.2.5",
			"resolved": "https://registry.npmjs.org/minimist/-/minimist-1.2.5.tgz",
			"integrity": "sha512-FM9nNUYrRBAELZQT3xeZQ7fmMOBg6nWNmJKTcgsJeaLstP/UODVpGsr5OhXhhXg6f+qtJ8uiZ+PUxkDWcgIXLw==",
			"dev": true
		},
		"node_modules/node-forge": {
			"version": "0.10.0",
			"resolved": "https://registry.npmjs.org/node-forge/-/node-forge-0.10.0.tgz",
			"integrity": "sha512-PPmu8eEeG9saEUvI97fm4OYxXVB6bFvyNTyiUOBichBpFG8A1Ljw3bY62+5oOjDEMHRnd0Y7HQ+x7uzxOzC6JA==",
			"dev": true,
			"engines": {
				"node": ">= 6.0.0"
			}
		},
		"node_modules/nullthrows": {
			"version": "1.1.1",
			"resolved": "https://registry.npmjs.org/nullthrows/-/nullthrows-1.1.1.tgz",
			"integrity": "sha512-2vPPEi+Z7WqML2jZYddDIfy5Dqb0r2fze2zTxNNknZaFpVHU3mFB3R+DWeJWGVx0ecvttSGlJTI+WG+8Z4cDWw==",
			"dev": true
		},
		"node_modules/open": {
			"version": "7.4.2",
			"resolved": "https://registry.npmjs.org/open/-/open-7.4.2.tgz",
			"integrity": "sha512-MVHddDVweXZF3awtlAS+6pgKLlm/JgxZ90+/NBurBoQctVOOB/zDdVjcyPzQ+0laDGbsWgrRkflI65sQeOgT9Q==",
			"dev": true,
			"dependencies": {
				"is-docker": "^2.0.0",
				"is-wsl": "^2.1.1"
			},
			"engines": {
				"node": ">=8"
			},
			"funding": {
				"url": "https://github.com/sponsors/sindresorhus"
			}
		},
		"node_modules/path-type": {
			"version": "4.0.0",
			"resolved": "https://registry.npmjs.org/path-type/-/path-type-4.0.0.tgz",
			"integrity": "sha512-gDKb8aZMDeD/tZWs9P6+q0J9Mwkdl6xMV8TjnGP3qJVJ06bdMgkbBlLU8IdfOsIsFz2BW1rNVT3XuNEl8zPAvw==",
			"dev": true,
			"engines": {
				"node": ">=8"
			}
		},
		"node_modules/picomatch": {
			"version": "2.3.0",
			"resolved": "https://registry.npmjs.org/picomatch/-/picomatch-2.3.0.tgz",
			"integrity": "sha512-lY1Q/PiJGC2zOv/z391WOTD+Z02bCgsFfvxoXXf6h7kv9o+WmsmzYqrAwY63sNgOxE4xEdq0WyUnXfKeBrSvYw==",
			"dev": true,
			"engines": {
				"node": ">=8.6"
			},
			"funding": {
				"url": "https://github.com/sponsors/jonschlinkert"
			}
		},
		"node_modules/queue-microtask": {
			"version": "1.2.3",
			"resolved": "https://registry.npmjs.org/queue-microtask/-/queue-microtask-1.2.3.tgz",
			"integrity": "sha512-NuaNSa6flKT5JaSYQzJok04JzTL1CA6aGhv5rfLW3PgqA+M2ChpZQnAC8h8i4ZFkBS8X5RqkDBHA7r4hej3K9A==",
			"dev": true,
			"funding": [
				{
					"type": "github",
					"url": "https://github.com/sponsors/feross"
				},
				{
					"type": "patreon",
					"url": "https://www.patreon.com/feross"
				},
				{
					"type": "consulting",
					"url": "https://feross.org/support"
				}
			]
		},
		"node_modules/reusify": {
			"version": "1.0.4",
			"resolved": "https://registry.npmjs.org/reusify/-/reusify-1.0.4.tgz",
			"integrity": "sha512-U9nH88a3fc/ekCF1l0/UP1IosiuIjyTh7hBvXVMHYgVcfGvt897Xguj2UOLDeI5BG2m7/uwyaLVT6fbtCwTyzw==",
			"dev": true,
			"engines": {
				"iojs": ">=1.0.0",
				"node": ">=0.10.0"
			}
		},
		"node_modules/run-parallel": {
			"version": "1.2.0",
			"resolved": "https://registry.npmjs.org/run-parallel/-/run-parallel-1.2.0.tgz",
			"integrity": "sha512-5l4VyZR86LZ/lDxZTR6jqL8AFE2S0IFLMP26AbjsLVADxHdhB/c0GUsH+y39UfCi3dzz8OlQuPmnaJOMoDHQBA==",
			"dev": true,
			"funding": [
				{
					"type": "github",
					"url": "https://github.com/sponsors/feross"
				},
				{
					"type": "patreon",
					"url": "https://www.patreon.com/feross"
				},
				{
					"type": "consulting",
					"url": "https://feross.org/support"
				}
			],
			"dependencies": {
				"queue-microtask": "^1.2.2"
			}
		},
		"node_modules/s-js": {
			"version": "0.4.9",
			"resolved": "https://registry.npmjs.org/s-js/-/s-js-0.4.9.tgz",
			"integrity": "sha512-RtpOm+cM6O0sHg6IA70wH+UC3FZcND+rccBZpBAHzlUgNO2Bm5BN+FnM8+OBxzXdwpKWFwX11JGF0MFRkhSoIQ==",
			"dev": true,
			"peer": true
		},
		"node_modules/slash": {
			"version": "3.0.0",
			"resolved": "https://registry.npmjs.org/slash/-/slash-3.0.0.tgz",
			"integrity": "sha512-g9Q1haeby36OSStwb4ntCGGGaKsaVSjQ68fBxoQcutl5fS1vuY18H3wSt3jFyFtrkx+Kz0V1G85A4MyAdDMi2Q==",
			"dev": true,
			"engines": {
				"node": ">=8"
			}
		},
		"node_modules/slice-ansi": {
			"version": "4.0.0",
			"resolved": "https://registry.npmjs.org/slice-ansi/-/slice-ansi-4.0.0.tgz",
			"integrity": "sha512-qMCMfhY040cVHT43K9BFygqYbUPFZKHOg7K73mtTWJRb8pyP3fzf4Ixd5SzdEJQ6MRUg/WBnOLxghZtKKurENQ==",
			"dev": true,
			"dependencies": {
				"ansi-styles": "^4.0.0",
				"astral-regex": "^2.0.0",
				"is-fullwidth-code-point": "^3.0.0"
			},
			"engines": {
				"node": ">=10"
			},
			"funding": {
				"url": "https://github.com/chalk/slice-ansi?sponsor=1"
			}
		},
		"node_modules/string-width": {
			"version": "4.2.2",
			"resolved": "https://registry.npmjs.org/string-width/-/string-width-4.2.2.tgz",
			"integrity": "sha512-XBJbT3N4JhVumXE0eoLU9DCjcaF92KLNqTmFCnG1pf8duUxFGwtP6AD6nkjw9a3IdiRtL3E2w3JDiE/xi3vOeA==",
			"dev": true,
			"dependencies": {
				"emoji-regex": "^8.0.0",
				"is-fullwidth-code-point": "^3.0.0",
				"strip-ansi": "^6.0.0"
			},
			"engines": {
				"node": ">=8"
			}
		},
		"node_modules/strip-ansi": {
			"version": "6.0.0",
			"resolved": "https://registry.npmjs.org/strip-ansi/-/strip-ansi-6.0.0.tgz",
			"integrity": "sha512-AuvKTrTfQNYNIctbR1K/YGTR1756GycPsg7b9bdV9Duqur4gv6aKqHXah67Z8ImS7WEz5QVcOtlfW2rZEugt6w==",
			"dev": true,
			"dependencies": {
				"ansi-regex": "^5.0.0"
			},
			"engines": {
				"node": ">=8"
			}
		},
		"node_modules/supports-color": {
			"version": "7.2.0",
			"resolved": "https://registry.npmjs.org/supports-color/-/supports-color-7.2.0.tgz",
			"integrity": "sha512-qpCAvRl9stuOHveKsn7HncJRvv501qIacKzQlO/+Lwxc9+0q2wLyv4Dfvt80/DPn2pqOBsJdDiogXGR9+OvwRw==",
			"dev": true,
			"dependencies": {
				"has-flag": "^4.0.0"
			},
			"engines": {
				"node": ">=8"
			}
		},
		"node_modules/surplus": {
			"version": "0.5.3",
			"resolved": "https://registry.npmjs.org/surplus/-/surplus-0.5.3.tgz",
			"integrity": "sha512-3Ki9XL9mSLXnx1dtyCtUrFsSYhYCpVAXr0gGiSmIMNDtWpODk6P9D3B+8GpmHAhJQZBmfySaaOg4uZ94XIcbiA==",
			"dev": true,
			"peerDependencies": {
				"s-js": "^0.4.9"
			}
		},
		"node_modules/to-regex-range": {
			"version": "5.0.1",
			"resolved": "https://registry.npmjs.org/to-regex-range/-/to-regex-range-5.0.1.tgz",
			"integrity": "sha512-65P7iz6X5yEr1cwcgvQxbbIw7Uk3gOy5dIdtZ4rDveLqhrdJP+Li/Hx6tyK0NEb+2GCyneCMJiGqrADCSNk8sQ==",
			"dev": true,
			"dependencies": {
				"is-number": "^7.0.0"
			},
			"engines": {
				"node": ">=8.0"
			}
		},
		"node_modules/yallist": {
			"version": "4.0.0",
			"resolved": "https://registry.npmjs.org/yallist/-/yallist-4.0.0.tgz",
			"integrity": "sha512-3wdGidZyq5PB084XLES5TpOSRA3wjXAlIWMhum2kRcv/41Sn2emQ0dycQW4uZXLejwKvg6EsvbdlVL+FYEct7A==",
			"dev": true
		}
	},
	"dependencies": {
		"@iarna/toml": {
			"version": "2.2.5",
			"resolved": "https://registry.npmjs.org/@iarna/toml/-/toml-2.2.5.tgz",
			"integrity": "sha512-trnsAYxU3xnS1gPHPyU961coFyLkh4gAD/0zQ5mymY4yOZ+CYvsPqUbOFSw0aDM4y0tV7tiFxL/1XfXPNC6IPg==",
			"dev": true
		},
		"@nodelib/fs.scandir": {
			"version": "2.1.4",
			"resolved": "https://registry.npmjs.org/@nodelib/fs.scandir/-/fs.scandir-2.1.4.tgz",
			"integrity": "sha512-33g3pMJk3bg5nXbL/+CY6I2eJDzZAni49PfJnL5fghPTggPvBd/pFNSgJsdAgWptuFu7qq/ERvOYFlhvsLTCKA==",
			"dev": true,
			"requires": {
				"@nodelib/fs.stat": "2.0.4",
				"run-parallel": "^1.1.9"
			}
		},
		"@nodelib/fs.stat": {
			"version": "2.0.4",
			"resolved": "https://registry.npmjs.org/@nodelib/fs.stat/-/fs.stat-2.0.4.tgz",
			"integrity": "sha512-IYlHJA0clt2+Vg7bccq+TzRdJvv19c2INqBSsoOLp1je7xjtr7J26+WXR72MCdvU9q1qTzIWDfhMf+DRvQJK4Q==",
			"dev": true
		},
		"@nodelib/fs.walk": {
			"version": "1.2.6",
			"resolved": "https://registry.npmjs.org/@nodelib/fs.walk/-/fs.walk-1.2.6.tgz",
			"integrity": "sha512-8Broas6vTtW4GIXTAHDoE32hnN2M5ykgCpWGbuXHQ15vEMqr23pB76e/GZcYsZCHALv50ktd24qhEyKr6wBtow==",
			"dev": true,
			"requires": {
				"@nodelib/fs.scandir": "2.1.4",
				"fastq": "^1.6.0"
			}
		},
		"@parcel/codeframe": {
			"version": "2.0.0-nightly.690",
			"resolved": "https://registry.npmjs.org/@parcel/codeframe/-/codeframe-2.0.0-nightly.690.tgz",
			"integrity": "sha512-8niCFblETFDuoTYU7I9Iri2bxXPd+m9sj9jePhSRhQExJ8Z25c99e3hzKV77kP7WKzeZKebcbTA5lLXx76lHjg==",
			"dev": true,
			"requires": {
				"chalk": "^4.1.0",
				"emphasize": "^4.2.0",
				"slice-ansi": "^4.0.0",
				"string-width": "^4.2.0"
			}
		},
		"@parcel/diagnostic": {
			"version": "2.0.0-nightly.690",
			"resolved": "https://registry.npmjs.org/@parcel/diagnostic/-/diagnostic-2.0.0-nightly.690.tgz",
			"integrity": "sha512-+QIqD5vhnW+DeKxoXNnEwcVUp+kilgIuOj70sV+avgMtqHx8rqRYFOOOl5gbCvWt9/YFTHvgK/aISYisRKJsKA==",
			"dev": true,
			"requires": {
				"json-source-map": "^0.6.1",
				"nullthrows": "^1.1.1"
			}
		},
		"@parcel/events": {
			"version": "2.0.0-nightly.690",
			"resolved": "https://registry.npmjs.org/@parcel/events/-/events-2.0.0-nightly.690.tgz",
			"integrity": "sha512-8oV17bTG9r4jVDIsf3tzdp8PerREcUvwqTj7aTaE5OJOK5b6+Z4yoQvthF7jGtFSPQQecf7Qs6Pt6WH3qlKr4A==",
			"dev": true
		},
		"@parcel/logger": {
			"version": "2.0.0-nightly.690",
			"resolved": "https://registry.npmjs.org/@parcel/logger/-/logger-2.0.0-nightly.690.tgz",
			"integrity": "sha512-c8WkbFqfJXWc5qdgHrgWUjQXwnBY76SiQyVbha7Nk5qEiNVEtBCZm+R+0OyHGs3rGJompn9agpdhF9W2JZ36Ig==",
			"dev": true,
			"requires": {
				"@parcel/diagnostic": "2.0.0-nightly.690+8c0721e5",
				"@parcel/events": "2.0.0-nightly.690+8c0721e5"
			}
		},
		"@parcel/markdown-ansi": {
			"version": "2.0.0-nightly.690",
			"resolved": "https://registry.npmjs.org/@parcel/markdown-ansi/-/markdown-ansi-2.0.0-nightly.690.tgz",
			"integrity": "sha512-S0NnL/8s4ghsvKY49A5ru0w2+ov5zm4Ou9A5x6MYHjKtGJRvf7FS2/vLuGsE3U6ovHRhqr/kpcoEiY9xFBlnMA==",
			"dev": true,
			"requires": {
				"chalk": "^4.1.0"
			}
		},
		"@parcel/plugin": {
			"version": "2.0.0-nightly.690",
			"resolved": "https://registry.npmjs.org/@parcel/plugin/-/plugin-2.0.0-nightly.690.tgz",
			"integrity": "sha512-wc1P6Qc+z7vup4vS08h5i7ej3VzdFsV7I2tEy4gdh/leKglxLrUu2LjQkodgxRIl6wWZNwzSrS5xDiVr7ImCBw==",
			"requires": {
				"@parcel/types": "2.0.0-nightly.690+8c0721e5"
			}
		},
		"@parcel/source-map": {
			"version": "2.0.0-rc.1.0",
			"resolved": "https://registry.npmjs.org/@parcel/source-map/-/source-map-2.0.0-rc.1.0.tgz",
			"integrity": "sha512-X+1Eef2eVLqGbUSBjP6n2tNnqQv0HyLu6j324hPSqqA8JeHk3X1M5V6FzUe9W2RbCF1Y49VvlXRfC6BqMrZyEw==",
			"dev": true,
			"requires": {
				"detect-libc": "^1.0.3",
				"globby": "^11.0.3"
			}
		},
		"@parcel/types": {
			"version": "2.0.0-nightly.690",
			"resolved": "https://registry.npmjs.org/@parcel/types/-/types-2.0.0-nightly.690.tgz",
			"integrity": "sha512-vhAOiJYP2q2qXjbWyRGJVH7N5i5HWc/deez/3S1hzq0CZfKK2/WVNDdI3jAV08YHkH+5xd0YsIIFpmn51qYlWw=="
		},
		"@parcel/utils": {
			"version": "2.0.0-nightly.690",
			"resolved": "https://registry.npmjs.org/@parcel/utils/-/utils-2.0.0-nightly.690.tgz",
			"integrity": "sha512-8356U+ZlHQgL9haSxbbv7OVijW4xtVDkeUYr7F8fz8zLE9dAR7QJzONHiiVfdixskhSVeZEUzR569rk8o93CCw==",
			"dev": true,
			"requires": {
				"@iarna/toml": "^2.2.0",
				"@parcel/codeframe": "2.0.0-nightly.690+8c0721e5",
				"@parcel/diagnostic": "2.0.0-nightly.690+8c0721e5",
				"@parcel/logger": "2.0.0-nightly.690+8c0721e5",
				"@parcel/markdown-ansi": "2.0.0-nightly.690+8c0721e5",
				"@parcel/source-map": "2.0.0-rc.1.0",
				"ansi-html": "^0.0.7",
				"chalk": "^4.1.0",
				"clone": "^2.1.1",
				"fast-glob": "3.1.1",
				"fastest-levenshtein": "^1.0.8",
				"is-glob": "^4.0.0",
				"is-url": "^1.2.2",
				"json5": "^1.0.1",
				"lru-cache": "^6.0.0",
				"micromatch": "^4.0.2",
				"node-forge": "^0.10.0",
				"nullthrows": "^1.1.1",
				"open": "^7.0.3"
			}
		},
		"ansi-html": {
			"version": "0.0.7",
			"resolved": "https://registry.npmjs.org/ansi-html/-/ansi-html-0.0.7.tgz",
			"integrity": "sha1-gTWEAhliqenm/QOflA0S9WynhZ4=",
			"dev": true
		},
		"ansi-regex": {
			"version": "5.0.0",
			"resolved": "https://registry.npmjs.org/ansi-regex/-/ansi-regex-5.0.0.tgz",
			"integrity": "sha512-bY6fj56OUQ0hU1KjFNDQuJFezqKdrAyFdIevADiqrWHwSlbmBNMHp5ak2f40Pm8JTFyM2mqxkG6ngkHO11f/lg==",
			"dev": true
		},
		"ansi-styles": {
			"version": "4.3.0",
			"resolved": "https://registry.npmjs.org/ansi-styles/-/ansi-styles-4.3.0.tgz",
			"integrity": "sha512-zbB9rCJAT1rbjiVDb2hqKFHNYLxgtk8NURxZ3IZwD3F6NtxbXZQCnnSi1Lkx+IDohdPlFp222wVALIheZJQSEg==",
			"dev": true,
			"requires": {
				"color-convert": "^2.0.1"
			}
		},
		"array-union": {
			"version": "2.1.0",
			"resolved": "https://registry.npmjs.org/array-union/-/array-union-2.1.0.tgz",
			"integrity": "sha512-HGyxoOTYUyCM6stUe6EJgnd4EoewAI7zMdfqO+kGjnlZmBDz/cR5pf8r/cR4Wq60sL/p0IkcjUEEPwS3GFrIyw==",
			"dev": true
		},
		"astral-regex": {
			"version": "2.0.0",
			"resolved": "https://registry.npmjs.org/astral-regex/-/astral-regex-2.0.0.tgz",
			"integrity": "sha512-Z7tMw1ytTXt5jqMcOP+OQteU1VuNK9Y02uuJtKQ1Sv69jXQKKg5cibLwGJow8yzZP+eAc18EmLGPal0bp36rvQ==",
			"dev": true
		},
		"braces": {
			"version": "3.0.2",
			"resolved": "https://registry.npmjs.org/braces/-/braces-3.0.2.tgz",
			"integrity": "sha512-b8um+L1RzM3WDSzvhm6gIz1yfTbBt6YTlcEKAvsmqCZZFw46z626lVj9j1yEPW33H5H+lBQpZMP1k8l+78Ha0A==",
			"dev": true,
			"requires": {
				"fill-range": "^7.0.1"
			}
		},
		"chalk": {
			"version": "4.1.1",
			"resolved": "https://registry.npmjs.org/chalk/-/chalk-4.1.1.tgz",
			"integrity": "sha512-diHzdDKxcU+bAsUboHLPEDQiw0qEe0qd7SYUn3HgcFlWgbDcfLGswOHYeGrHKzG9z6UYf01d9VFMfZxPM1xZSg==",
			"dev": true,
			"requires": {
				"ansi-styles": "^4.1.0",
				"supports-color": "^7.1.0"
			}
		},
		"clone": {
			"version": "2.1.2",
			"resolved": "https://registry.npmjs.org/clone/-/clone-2.1.2.tgz",
			"integrity": "sha1-G39Ln1kfHo+DZwQBYANFoCiHQ18=",
			"dev": true
		},
		"color-convert": {
			"version": "2.0.1",
			"resolved": "https://registry.npmjs.org/color-convert/-/color-convert-2.0.1.tgz",
			"integrity": "sha512-RRECPsj7iu/xb5oKYcsFHSppFNnsj/52OVTRKb4zP5onXwVF3zVmmToNcOfGC+CRDpfK/U584fMg38ZHCaElKQ==",
			"dev": true,
			"requires": {
				"color-name": "~1.1.4"
			}
		},
		"color-name": {
			"version": "1.1.4",
			"resolved": "https://registry.npmjs.org/color-name/-/color-name-1.1.4.tgz",
			"integrity": "sha512-dOy+3AuW3a2wNbZHIuMZpTcgjGuLU/uBL/ubcZF9OXbDo8ff4O8yVp5Bf0efS8uEoYo5q4Fx7dY9OgQGXgAsQA==",
			"dev": true
		},
		"deps-regex": {
			"version": "0.1.4",
			"resolved": "https://registry.npmjs.org/deps-regex/-/deps-regex-0.1.4.tgz",
			"integrity": "sha1-UYZnt2kUYKXn4KNBvnbrfOgJAYQ="
		},
		"detect-libc": {
			"version": "1.0.3",
			"resolved": "https://registry.npmjs.org/detect-libc/-/detect-libc-1.0.3.tgz",
			"integrity": "sha1-+hN8S9aY7fVc1c0CrFWfkaTEups=",
			"dev": true
		},
		"dir-glob": {
			"version": "3.0.1",
			"resolved": "https://registry.npmjs.org/dir-glob/-/dir-glob-3.0.1.tgz",
			"integrity": "sha512-WkrWp9GR4KXfKGYzOLmTuGVi1UWFfws377n9cc55/tb6DuqyF6pcQ5AbiHEshaDpY9v6oaSr2XCDidGmMwdzIA==",
			"dev": true,
			"requires": {
				"path-type": "^4.0.0"
			}
		},
		"emoji-regex": {
			"version": "8.0.0",
			"resolved": "https://registry.npmjs.org/emoji-regex/-/emoji-regex-8.0.0.tgz",
			"integrity": "sha512-MSjYzcWNOA0ewAHpz0MxpYFvwg6yjy1NG3xteoqz644VCo/RPgnr1/GGt+ic3iJTzQ8Eu3TdM14SawnVUmGE6A==",
			"dev": true
		},
		"emphasize": {
			"version": "4.2.0",
			"resolved": "https://registry.npmjs.org/emphasize/-/emphasize-4.2.0.tgz",
			"integrity": "sha512-yGKvcFUHlBsUPwlxTlzKLR8+zhpbitkFOMCUxN8fTJng9bdH3WNzUGkhdaGdjndSUgqmMPBN7umfwnUdLz5Axg==",
			"dev": true,
			"requires": {
				"chalk": "^4.0.0",
				"highlight.js": "~10.4.0",
				"lowlight": "~1.17.0"
			}
		},
		"fast-glob": {
			"version": "3.1.1",
			"resolved": "https://registry.npmjs.org/fast-glob/-/fast-glob-3.1.1.tgz",
			"integrity": "sha512-nTCREpBY8w8r+boyFYAx21iL6faSsQynliPHM4Uf56SbkyohCNxpVPEH9xrF5TXKy+IsjkPUHDKiUkzBVRXn9g==",
			"dev": true,
			"requires": {
				"@nodelib/fs.stat": "^2.0.2",
				"@nodelib/fs.walk": "^1.2.3",
				"glob-parent": "^5.1.0",
				"merge2": "^1.3.0",
				"micromatch": "^4.0.2"
			}
		},
		"fastest-levenshtein": {
			"version": "1.0.12",
			"resolved": "https://registry.npmjs.org/fastest-levenshtein/-/fastest-levenshtein-1.0.12.tgz",
			"integrity": "sha512-On2N+BpYJ15xIC974QNVuYGMOlEVt4s0EOI3wwMqOmK1fdDY+FN/zltPV8vosq4ad4c/gJ1KHScUn/6AWIgiow==",
			"dev": true
		},
		"fastq": {
			"version": "1.11.0",
			"resolved": "https://registry.npmjs.org/fastq/-/fastq-1.11.0.tgz",
			"integrity": "sha512-7Eczs8gIPDrVzT+EksYBcupqMyxSHXXrHOLRRxU2/DicV8789MRBRR8+Hc2uWzUupOs4YS4JzBmBxjjCVBxD/g==",
			"dev": true,
			"requires": {
				"reusify": "^1.0.4"
			}
		},
		"fault": {
			"version": "1.0.4",
			"resolved": "https://registry.npmjs.org/fault/-/fault-1.0.4.tgz",
			"integrity": "sha512-CJ0HCB5tL5fYTEA7ToAq5+kTwd++Borf1/bifxd9iT70QcXr4MRrO3Llf8Ifs70q+SJcGHFtnIE/Nw6giCtECA==",
			"dev": true,
			"requires": {
				"format": "^0.2.0"
			}
		},
		"fill-range": {
			"version": "7.0.1",
			"resolved": "https://registry.npmjs.org/fill-range/-/fill-range-7.0.1.tgz",
			"integrity": "sha512-qOo9F+dMUmC2Lcb4BbVvnKJxTPjCm+RRpe4gDuGrzkL7mEVl/djYSu2OdQ2Pa302N4oqkSg9ir6jaLWJ2USVpQ==",
			"dev": true,
			"requires": {
				"to-regex-range": "^5.0.1"
			}
		},
		"format": {
			"version": "0.2.2",
			"resolved": "https://registry.npmjs.org/format/-/format-0.2.2.tgz",
			"integrity": "sha1-1hcBB+nv3E7TDJ3DkBbflCtctYs=",
			"dev": true
		},
		"glob-parent": {
			"version": "5.1.2",
			"resolved": "https://registry.npmjs.org/glob-parent/-/glob-parent-5.1.2.tgz",
			"integrity": "sha512-AOIgSQCepiJYwP3ARnGx+5VnTu2HBYdzbGP45eLw1vr3zB3vZLeyed1sC9hnbcOc9/SrMyM5RPQrkGz4aS9Zow==",
			"dev": true,
			"requires": {
				"is-glob": "^4.0.1"
			}
		},
		"globby": {
			"version": "11.0.3",
			"resolved": "https://registry.npmjs.org/globby/-/globby-11.0.3.tgz",
			"integrity": "sha512-ffdmosjA807y7+lA1NM0jELARVmYul/715xiILEjo3hBLPTcirgQNnXECn5g3mtR8TOLCVbkfua1Hpen25/Xcg==",
			"dev": true,
			"requires": {
				"array-union": "^2.1.0",
				"dir-glob": "^3.0.1",
				"fast-glob": "^3.1.1",
				"ignore": "^5.1.4",
				"merge2": "^1.3.0",
				"slash": "^3.0.0"
			}
		},
		"has-flag": {
			"version": "4.0.0",
			"resolved": "https://registry.npmjs.org/has-flag/-/has-flag-4.0.0.tgz",
			"integrity": "sha512-EykJT/Q1KjTWctppgIAgfSO0tKVuZUjhgMr17kqTumMl6Afv3EISleU7qZUzoXDFTAHTDC4NOoG/ZxU3EvlMPQ==",
			"dev": true
		},
		"highlight.js": {
			"version": "10.4.1",
			"resolved": "https://registry.npmjs.org/highlight.js/-/highlight.js-10.4.1.tgz",
			"integrity": "sha512-yR5lWvNz7c85OhVAEAeFhVCc/GV4C30Fjzc/rCP0aCWzc1UUOPUk55dK/qdwTZHBvMZo+eZ2jpk62ndX/xMFlg==",
			"dev": true
		},
		"ignore": {
			"version": "5.1.8",
			"resolved": "https://registry.npmjs.org/ignore/-/ignore-5.1.8.tgz",
			"integrity": "sha512-BMpfD7PpiETpBl/A6S498BaIJ6Y/ABT93ETbby2fP00v4EbvPBXWEoaR1UBPKs3iR53pJY7EtZk5KACI57i1Uw==",
			"dev": true
		},
		"is-docker": {
			"version": "2.2.1",
			"resolved": "https://registry.npmjs.org/is-docker/-/is-docker-2.2.1.tgz",
			"integrity": "sha512-F+i2BKsFrH66iaUFc0woD8sLy8getkwTwtOBjvs56Cx4CgJDeKQeqfz8wAYiSb8JOprWhHH5p77PbmYCvvUuXQ==",
			"dev": true
		},
		"is-extglob": {
			"version": "2.1.1",
			"resolved": "https://registry.npmjs.org/is-extglob/-/is-extglob-2.1.1.tgz",
			"integrity": "sha1-qIwCU1eR8C7TfHahueqXc8gz+MI=",
			"dev": true
		},
		"is-fullwidth-code-point": {
			"version": "3.0.0",
			"resolved": "https://registry.npmjs.org/is-fullwidth-code-point/-/is-fullwidth-code-point-3.0.0.tgz",
			"integrity": "sha512-zymm5+u+sCsSWyD9qNaejV3DFvhCKclKdizYaJUuHA83RLjb7nSuGnddCHGv0hk+KY7BMAlsWeK4Ueg6EV6XQg==",
			"dev": true
		},
		"is-glob": {
			"version": "4.0.1",
			"resolved": "https://registry.npmjs.org/is-glob/-/is-glob-4.0.1.tgz",
			"integrity": "sha512-5G0tKtBTFImOqDnLB2hG6Bp2qcKEFduo4tZu9MT/H6NQv/ghhy30o55ufafxJ/LdH79LLs2Kfrn85TLKyA7BUg==",
			"dev": true,
			"requires": {
				"is-extglob": "^2.1.1"
			}
		},
		"is-number": {
			"version": "7.0.0",
			"resolved": "https://registry.npmjs.org/is-number/-/is-number-7.0.0.tgz",
			"integrity": "sha512-41Cifkg6e8TylSpdtTpeLVMqvSBEVzTttHvERD741+pnZ8ANv0004MRL43QKPDlK9cGvNp6NZWZUBlbGXYxxng==",
			"dev": true
		},
		"is-url": {
			"version": "1.2.4",
			"resolved": "https://registry.npmjs.org/is-url/-/is-url-1.2.4.tgz",
			"integrity": "sha512-ITvGim8FhRiYe4IQ5uHSkj7pVaPDrCTkNd3yq3cV7iZAcJdHTUMPMEHcqSOy9xZ9qFenQCvi+2wjH9a1nXqHww==",
			"dev": true
		},
		"is-wsl": {
			"version": "2.2.0",
			"resolved": "https://registry.npmjs.org/is-wsl/-/is-wsl-2.2.0.tgz",
			"integrity": "sha512-fKzAra0rGJUUBwGBgNkHZuToZcn+TtXHpeCgmkMJMMYx1sQDYaCSyjJBSCa2nH1DGm7s3n1oBnohoVTBaN7Lww==",
			"dev": true,
			"requires": {
				"is-docker": "^2.0.0"
			}
		},
		"json-source-map": {
			"version": "0.6.1",
			"resolved": "https://registry.npmjs.org/json-source-map/-/json-source-map-0.6.1.tgz",
			"integrity": "sha512-1QoztHPsMQqhDq0hlXY5ZqcEdUzxQEIxgFkKl4WUp2pgShObl+9ovi4kRh2TfvAfxAoHOJ9vIMEqk3k4iex7tg==",
			"dev": true
		},
		"json5": {
			"version": "1.0.1",
			"resolved": "https://registry.npmjs.org/json5/-/json5-1.0.1.tgz",
			"integrity": "sha512-aKS4WQjPenRxiQsC93MNfjx+nbF4PAdYzmd/1JIj8HYzqfbu86beTuNgXDzPknWk0n0uARlyewZo4s++ES36Ow==",
			"dev": true,
			"requires": {
				"minimist": "^1.2.0"
			}
		},
		"lowlight": {
			"version": "1.17.0",
			"resolved": "https://registry.npmjs.org/lowlight/-/lowlight-1.17.0.tgz",
			"integrity": "sha512-vmtBgYKD+QVNy7tIa7ulz5d//Il9R4MooOVh4nkOf9R9Cb/Dk5TXMSTieg/vDulkBkIWj59/BIlyFQxT9X1oAQ==",
			"dev": true,
			"requires": {
				"fault": "^1.0.0",
				"highlight.js": "~10.4.0"
			}
		},
		"lru-cache": {
			"version": "6.0.0",
			"resolved": "https://registry.npmjs.org/lru-cache/-/lru-cache-6.0.0.tgz",
			"integrity": "sha512-Jo6dJ04CmSjuznwJSS3pUeWmd/H0ffTlkXXgwZi+eq1UCmqQwCh+eLsYOYCwY991i2Fah4h1BEMCx4qThGbsiA==",
			"dev": true,
			"requires": {
				"yallist": "^4.0.0"
			}
		},
		"merge2": {
			"version": "1.4.1",
			"resolved": "https://registry.npmjs.org/merge2/-/merge2-1.4.1.tgz",
			"integrity": "sha512-8q7VEgMJW4J8tcfVPy8g09NcQwZdbwFEqhe/WZkoIzjn/3TGDwtOCYtXGxA3O8tPzpczCCDgv+P2P5y00ZJOOg==",
			"dev": true
		},
		"micromatch": {
			"version": "4.0.4",
			"resolved": "https://registry.npmjs.org/micromatch/-/micromatch-4.0.4.tgz",
			"integrity": "sha512-pRmzw/XUcwXGpD9aI9q/0XOwLNygjETJ8y0ao0wdqprrzDa4YnxLcz7fQRZr8voh8V10kGhABbNcHVk5wHgWwg==",
			"dev": true,
			"requires": {
				"braces": "^3.0.1",
				"picomatch": "^2.2.3"
			}
		},
		"minimist": {
			"version": "1.2.5",
			"resolved": "https://registry.npmjs.org/minimist/-/minimist-1.2.5.tgz",
			"integrity": "sha512-FM9nNUYrRBAELZQT3xeZQ7fmMOBg6nWNmJKTcgsJeaLstP/UODVpGsr5OhXhhXg6f+qtJ8uiZ+PUxkDWcgIXLw==",
			"dev": true
		},
		"node-forge": {
			"version": "0.10.0",
			"resolved": "https://registry.npmjs.org/node-forge/-/node-forge-0.10.0.tgz",
			"integrity": "sha512-PPmu8eEeG9saEUvI97fm4OYxXVB6bFvyNTyiUOBichBpFG8A1Ljw3bY62+5oOjDEMHRnd0Y7HQ+x7uzxOzC6JA==",
			"dev": true
		},
		"nullthrows": {
			"version": "1.1.1",
			"resolved": "https://registry.npmjs.org/nullthrows/-/nullthrows-1.1.1.tgz",
			"integrity": "sha512-2vPPEi+Z7WqML2jZYddDIfy5Dqb0r2fze2zTxNNknZaFpVHU3mFB3R+DWeJWGVx0ecvttSGlJTI+WG+8Z4cDWw==",
			"dev": true
		},
		"open": {
			"version": "7.4.2",
			"resolved": "https://registry.npmjs.org/open/-/open-7.4.2.tgz",
			"integrity": "sha512-MVHddDVweXZF3awtlAS+6pgKLlm/JgxZ90+/NBurBoQctVOOB/zDdVjcyPzQ+0laDGbsWgrRkflI65sQeOgT9Q==",
			"dev": true,
			"requires": {
				"is-docker": "^2.0.0",
				"is-wsl": "^2.1.1"
			}
		},
		"path-type": {
			"version": "4.0.0",
			"resolved": "https://registry.npmjs.org/path-type/-/path-type-4.0.0.tgz",
			"integrity": "sha512-gDKb8aZMDeD/tZWs9P6+q0J9Mwkdl6xMV8TjnGP3qJVJ06bdMgkbBlLU8IdfOsIsFz2BW1rNVT3XuNEl8zPAvw==",
			"dev": true
		},
		"picomatch": {
			"version": "2.3.0",
			"resolved": "https://registry.npmjs.org/picomatch/-/picomatch-2.3.0.tgz",
			"integrity": "sha512-lY1Q/PiJGC2zOv/z391WOTD+Z02bCgsFfvxoXXf6h7kv9o+WmsmzYqrAwY63sNgOxE4xEdq0WyUnXfKeBrSvYw==",
			"dev": true
		},
		"queue-microtask": {
			"version": "1.2.3",
			"resolved": "https://registry.npmjs.org/queue-microtask/-/queue-microtask-1.2.3.tgz",
			"integrity": "sha512-NuaNSa6flKT5JaSYQzJok04JzTL1CA6aGhv5rfLW3PgqA+M2ChpZQnAC8h8i4ZFkBS8X5RqkDBHA7r4hej3K9A==",
			"dev": true
		},
		"reusify": {
			"version": "1.0.4",
			"resolved": "https://registry.npmjs.org/reusify/-/reusify-1.0.4.tgz",
			"integrity": "sha512-U9nH88a3fc/ekCF1l0/UP1IosiuIjyTh7hBvXVMHYgVcfGvt897Xguj2UOLDeI5BG2m7/uwyaLVT6fbtCwTyzw==",
			"dev": true
		},
		"run-parallel": {
			"version": "1.2.0",
			"resolved": "https://registry.npmjs.org/run-parallel/-/run-parallel-1.2.0.tgz",
			"integrity": "sha512-5l4VyZR86LZ/lDxZTR6jqL8AFE2S0IFLMP26AbjsLVADxHdhB/c0GUsH+y39UfCi3dzz8OlQuPmnaJOMoDHQBA==",
			"dev": true,
			"requires": {
				"queue-microtask": "^1.2.2"
			}
		},
		"s-js": {
			"version": "0.4.9",
			"resolved": "https://registry.npmjs.org/s-js/-/s-js-0.4.9.tgz",
			"integrity": "sha512-RtpOm+cM6O0sHg6IA70wH+UC3FZcND+rccBZpBAHzlUgNO2Bm5BN+FnM8+OBxzXdwpKWFwX11JGF0MFRkhSoIQ==",
			"dev": true,
			"peer": true
		},
		"slash": {
			"version": "3.0.0",
			"resolved": "https://registry.npmjs.org/slash/-/slash-3.0.0.tgz",
			"integrity": "sha512-g9Q1haeby36OSStwb4ntCGGGaKsaVSjQ68fBxoQcutl5fS1vuY18H3wSt3jFyFtrkx+Kz0V1G85A4MyAdDMi2Q==",
			"dev": true
		},
		"slice-ansi": {
			"version": "4.0.0",
			"resolved": "https://registry.npmjs.org/slice-ansi/-/slice-ansi-4.0.0.tgz",
			"integrity": "sha512-qMCMfhY040cVHT43K9BFygqYbUPFZKHOg7K73mtTWJRb8pyP3fzf4Ixd5SzdEJQ6MRUg/WBnOLxghZtKKurENQ==",
			"dev": true,
			"requires": {
				"ansi-styles": "^4.0.0",
				"astral-regex": "^2.0.0",
				"is-fullwidth-code-point": "^3.0.0"
			}
		},
		"string-width": {
			"version": "4.2.2",
			"resolved": "https://registry.npmjs.org/string-width/-/string-width-4.2.2.tgz",
			"integrity": "sha512-XBJbT3N4JhVumXE0eoLU9DCjcaF92KLNqTmFCnG1pf8duUxFGwtP6AD6nkjw9a3IdiRtL3E2w3JDiE/xi3vOeA==",
			"dev": true,
			"requires": {
				"emoji-regex": "^8.0.0",
				"is-fullwidth-code-point": "^3.0.0",
				"strip-ansi": "^6.0.0"
			}
		},
		"strip-ansi": {
			"version": "6.0.0",
			"resolved": "https://registry.npmjs.org/strip-ansi/-/strip-ansi-6.0.0.tgz",
			"integrity": "sha512-AuvKTrTfQNYNIctbR1K/YGTR1756GycPsg7b9bdV9Duqur4gv6aKqHXah67Z8ImS7WEz5QVcOtlfW2rZEugt6w==",
			"dev": true,
			"requires": {
				"ansi-regex": "^5.0.0"
			}
		},
		"supports-color": {
			"version": "7.2.0",
			"resolved": "https://registry.npmjs.org/supports-color/-/supports-color-7.2.0.tgz",
			"integrity": "sha512-qpCAvRl9stuOHveKsn7HncJRvv501qIacKzQlO/+Lwxc9+0q2wLyv4Dfvt80/DPn2pqOBsJdDiogXGR9+OvwRw==",
			"dev": true,
			"requires": {
				"has-flag": "^4.0.0"
			}
		},
		"surplus": {
			"version": "0.5.3",
			"resolved": "https://registry.npmjs.org/surplus/-/surplus-0.5.3.tgz",
			"integrity": "sha512-3Ki9XL9mSLXnx1dtyCtUrFsSYhYCpVAXr0gGiSmIMNDtWpODk6P9D3B+8GpmHAhJQZBmfySaaOg4uZ94XIcbiA==",
			"dev": true,
			"requires": {}
		},
		"to-regex-range": {
			"version": "5.0.1",
			"resolved": "https://registry.npmjs.org/to-regex-range/-/to-regex-range-5.0.1.tgz",
			"integrity": "sha512-65P7iz6X5yEr1cwcgvQxbbIw7Uk3gOy5dIdtZ4rDveLqhrdJP+Li/Hx6tyK0NEb+2GCyneCMJiGqrADCSNk8sQ==",
			"dev": true,
			"requires": {
				"is-number": "^7.0.0"
			}
		},
		"yallist": {
			"version": "4.0.0",
			"resolved": "https://registry.npmjs.org/yallist/-/yallist-4.0.0.tgz",
			"integrity": "sha512-3wdGidZyq5PB084XLES5TpOSRA3wjXAlIWMhum2kRcv/41Sn2emQ0dycQW4uZXLejwKvg6EsvbdlVL+FYEct7A==",
			"dev": true
		}
	}
}
